
Microsoft Visual Studio Solution File, Format Version 12.00
# Visual Studio 15
VisualStudioVersion = 15.0.27428.2043
MinimumVisualStudioVersion = 10.0.40219.1
Project("{FAE04EC0-301F-11D3-BF4B-00C04F79EFBC}") = "Project_Sem3", "Project_Sem3\Project_Sem3.csproj", "{05136E32-584F-4CC5-9FDE-FFCF7FBEEA82}"
EndProject
Project("{FAE04EC0-301F-11D3-BF4B-00C04F79EFBC}") = "Model", "Model\Model.csproj", "{D0FE6D95-CFCB-44CF-BF6E-580A90D865E3}"
EndProject
Global
	GlobalSection(SolutionConfigurationPlatforms) = preSolution
		Debug|Any CPU = Debug|Any CPU
		Release|Any CPU = Release|Any CPU
	EndGlobalSection
	GlobalSection(ProjectConfigurationPlatforms) = postSolution
		{05136E32-584F-4CC5-9FDE-FFCF7FBEEA82}.Debug|Any CPU.ActiveCfg = Debug|Any CPU
		{05136E32-584F-4CC5-9FDE-FFCF7FBEEA82}.Debug|Any CPU.Build.0 = Debug|Any CPU
		{05136E32-584F-4CC5-9FDE-FFCF7FBEEA82}.Release|Any CPU.ActiveCfg = Release|Any CPU
		{05136E32-584F-4CC5-9FDE-FFCF7FBEEA82}.Release|Any CPU.Build.0 = Release|Any CPU
		{D0FE6D95-CFCB-44CF-BF6E-580A90D865E3}.Debug|Any CPU.ActiveCfg = Debug|Any CPU
		{D0FE6D95-CFCB-44CF-BF6E-580A90D865E3}.Debug|Any CPU.Build.0 = Debug|Any CPU
		{D0FE6D95-CFCB-44CF-BF6E-580A90D865E3}.Release|Any CPU.ActiveCfg = Release|Any CPU
		{D0FE6D95-CFCB-44CF-BF6E-580A90D865E3}.Release|Any CPU.Build.0 = Release|Any CPU
	EndGlobalSection
	GlobalSection(SolutionProperties) = preSolution
		HideSolutionNode = FALSE
	EndGlobalSection
	GlobalSection(ExtensibilityGlobals) = postSolution
		SolutionGuid = {6B77020E-FF68-4106-9280-1CCAF012BAA7}
	EndGlobalSection
EndGlobal
